
Microsoft Visual Studio Solution File, Format Version 12.00
# Visual Studio Version 17
VisualStudioVersion = 17.7.34018.315
MinimumVisualStudioVersion = 10.0.40219.1
Project("{FAE04EC0-301F-11D3-BF4B-00C04F79EFBC}") = "EF_with_Razor", "EF_with_Razor\EF_with_Razor.csproj", "{C7B1D45B-AF76-4DE9-8DFB-CD5EAA6A1A8B}"
EndProject
Global
	GlobalSection(SolutionConfigurationPlatforms) = preSolution
		Debug|Any CPU = Debug|Any CPU
		Release|Any CPU = Release|Any CPU
	EndGlobalSection
	GlobalSection(ProjectConfigurationPlatforms) = postSolution
		{C7B1D45B-AF76-4DE9-8DFB-CD5EAA6A1A8B}.Debug|Any CPU.ActiveCfg = Debug|Any CPU
		{C7B1D45B-AF76-4DE9-8DFB-CD5EAA6A1A8B}.Debug|Any CPU.Build.0 = Debug|Any CPU
		{C7B1D45B-AF76-4DE9-8DFB-CD5EAA6A1A8B}.Release|Any CPU.ActiveCfg = Release|Any CPU
		{C7B1D45B-AF76-4DE9-8DFB-CD5EAA6A1A8B}.Release|Any CPU.Build.0 = Release|Any CPU
	EndGlobalSection
	GlobalSection(SolutionProperties) = preSolution
		HideSolutionNode = FALSE
	EndGlobalSection
	GlobalSection(ExtensibilityGlobals) = postSolution
		SolutionGuid = {40775F65-5ADB-4DDE-8776-2D3CF2A068E9}
	EndGlobalSection
EndGlobal
